
Microsoft Visual Studio Solution File, Format Version 12.00
# Visual Studio 15
VisualStudioVersion = 15.0.27703.2035
MinimumVisualStudioVersion = 10.0.40219.1
Project("{FAE04EC0-301F-11D3-BF4B-00C04F79EFBC}") = "WebApplication1", "WebApplication1\WebApplication1.csproj", "{867EB59D-309E-4F4F-9EEA-01D1B9228803}"
EndProject
Global
	GlobalSection(SolutionConfigurationPlatforms) = preSolution
		Debug|Any CPU = Debug|Any CPU
		Release|Any CPU = Release|Any CPU
	EndGlobalSection
	GlobalSection(ProjectConfigurationPlatforms) = postSolution
		{867EB59D-309E-4F4F-9EEA-01D1B9228803}.Debug|Any CPU.ActiveCfg = Debug|Any CPU
		{867EB59D-309E-4F4F-9EEA-01D1B9228803}.Debug|Any CPU.Build.0 = Debug|Any CPU
		{867EB59D-309E-4F4F-9EEA-01D1B9228803}.Release|Any CPU.ActiveCfg = Release|Any CPU
		{867EB59D-309E-4F4F-9EEA-01D1B9228803}.Release|Any CPU.Build.0 = Release|Any CPU
	EndGlobalSection
	GlobalSection(SolutionProperties) = preSolution
		HideSolutionNode = FALSE
	EndGlobalSection
	GlobalSection(ExtensibilityGlobals) = postSolution
		SolutionGuid = {E3C8D439-526F-4FB4-BFA4-10762FB90A7F}
	EndGlobalSection
EndGlobal
